
Microsoft Visual Studio Solution File, Format Version 12.00
# Visual Studio Version 17
VisualStudioVersion = 17.10.35122.118
MinimumVisualStudioVersion = 10.0.40219.1
Project("{FAE04EC0-301F-11D3-BF4B-00C04F79EFBC}") = "OpenTelemetryAutoWorker", "OpenTelemetryAutoWorker\OpenTelemetryAutoWorker.csproj", "{4F54CB98-A6F8-4B8C-B519-31B980D7FDB5}"
EndProject
Global
	GlobalSection(SolutionConfigurationPlatforms) = preSolution
		Debug|Any CPU = Debug|Any CPU
		Release|Any CPU = Release|Any CPU
	EndGlobalSection
	GlobalSection(ProjectConfigurationPlatforms) = postSolution
		{4F54CB98-A6F8-4B8C-B519-31B980D7FDB5}.Debug|Any CPU.ActiveCfg = Debug|Any CPU
		{4F54CB98-A6F8-4B8C-B519-31B980D7FDB5}.Debug|Any CPU.Build.0 = Debug|Any CPU
		{4F54CB98-A6F8-4B8C-B519-31B980D7FDB5}.Release|Any CPU.ActiveCfg = Release|Any CPU
		{4F54CB98-A6F8-4B8C-B519-31B980D7FDB5}.Release|Any CPU.Build.0 = Release|Any CPU
	EndGlobalSection
	GlobalSection(SolutionProperties) = preSolution
		HideSolutionNode = FALSE
	EndGlobalSection
	GlobalSection(ExtensibilityGlobals) = postSolution
		SolutionGuid = {D8E44890-7C4C-44A4-A55C-7F2DDA1ED5B7}
	EndGlobalSection
EndGlobal
